
Microsoft Visual Studio Solution File, Format Version 12.00
# Visual Studio Version 17
VisualStudioVersion = 17.6.33723.286
MinimumVisualStudioVersion = 10.0.40219.1
Project("{FAE04EC0-301F-11D3-BF4B-00C04F79EFBC}") = "Rechner1", "Rechner1\Rechner1.csproj", "{69B0A673-DD0D-4E91-9131-FA8076C98865}"
EndProject
Global
	GlobalSection(SolutionConfigurationPlatforms) = preSolution
		Debug|Any CPU = Debug|Any CPU
		Release|Any CPU = Release|Any CPU
	EndGlobalSection
	GlobalSection(ProjectConfigurationPlatforms) = postSolution
		{69B0A673-DD0D-4E91-9131-FA8076C98865}.Debug|Any CPU.ActiveCfg = Debug|Any CPU
		{69B0A673-DD0D-4E91-9131-FA8076C98865}.Debug|Any CPU.Build.0 = Debug|Any CPU
		{69B0A673-DD0D-4E91-9131-FA8076C98865}.Release|Any CPU.ActiveCfg = Release|Any CPU
		{69B0A673-DD0D-4E91-9131-FA8076C98865}.Release|Any CPU.Build.0 = Release|Any CPU
	EndGlobalSection
	GlobalSection(SolutionProperties) = preSolution
		HideSolutionNode = FALSE
	EndGlobalSection
	GlobalSection(ExtensibilityGlobals) = postSolution
		SolutionGuid = {126C7BB9-0CB7-498D-9CE2-DA164F820BDD}
	EndGlobalSection
EndGlobal
